
Microsoft Visual Studio Solution File, Format Version 12.00
# Visual Studio Version 17
VisualStudioVersion = 17.3.32901.215
MinimumVisualStudioVersion = 10.0.40219.1
Project("{FAE04EC0-301F-11D3-BF4B-00C04F79EFBC}") = "VaccineReg", "VaccineReg.csproj", "{7D787307-37EA-4CC9-8970-ABC1987DC28B}"
EndProject
Global
	GlobalSection(SolutionConfigurationPlatforms) = preSolution
		Debug|Any CPU = Debug|Any CPU
		Release|Any CPU = Release|Any CPU
	EndGlobalSection
	GlobalSection(ProjectConfigurationPlatforms) = postSolution
		{7D787307-37EA-4CC9-8970-ABC1987DC28B}.Debug|Any CPU.ActiveCfg = Debug|Any CPU
		{7D787307-37EA-4CC9-8970-ABC1987DC28B}.Debug|Any CPU.Build.0 = Debug|Any CPU
		{7D787307-37EA-4CC9-8970-ABC1987DC28B}.Release|Any CPU.ActiveCfg = Release|Any CPU
		{7D787307-37EA-4CC9-8970-ABC1987DC28B}.Release|Any CPU.Build.0 = Release|Any CPU
	EndGlobalSection
	GlobalSection(SolutionProperties) = preSolution
		HideSolutionNode = FALSE
	EndGlobalSection
	GlobalSection(ExtensibilityGlobals) = postSolution
		SolutionGuid = {5B6F18C6-BEF0-496C-827E-C698BF9BC5B0}
	EndGlobalSection
EndGlobal
